// !$*UTF8*$!
{
	archiveVersion = 1;
	classes = {
	};
	objectVersion = 50;
	objects = {

/* Begin PBXBuildFile section */
		53A9807A249A2B2E005F9F6C /* AppDelegate.swift in Sources */ = {isa = PBXBuildFile; fileRef = 53A98079249A2B2E005F9F6C /* AppDelegate.swift */; };
		53A9807C249A2B2E005F9F6C /* ViewController.swift in Sources */ = {isa = PBXBuildFile; fileRef = 53A9807B249A2B2E005F9F6C /* ViewController.swift */; };
		53A9807F249A2B2E005F9F6C /* Main.storyboard in Resources */ = {isa = PBXBuildFile; fileRef = 53A9807D249A2B2E005F9F6C /* Main.storyboard */; };
		53A98081249A2B2F005F9F6C /* Assets.xcassets in Resources */ = {isa = PBXBuildFile; fileRef = 53A98080249A2B2F005F9F6C /* Assets.xcassets */; };
		53A98084249A2B2F005F9F6C /* LaunchScreen.storyboard in Resources */ = {isa = PBXBuildFile; fileRef = 53A98082249A2B2F005F9F6C /* LaunchScreen.storyboard */; };
		53F4FE57249FB63000D80651 /* CameraTableViewCell.swift in Sources */ = {isa = PBXBuildFile; fileRef = 53F4FE55249FB63000D80651 /* CameraTableViewCell.swift */; };
		53F4FE58249FB63000D80651 /* CameraTableViewCell.xib in Resources */ = {isa = PBXBuildFile; fileRef = 53F4FE56249FB63000D80651 /* CameraTableViewCell.xib */; };
		53F4FE5A249FBB1500D80651 /* Camera.swift in Sources */ = {isa = PBXBuildFile; fileRef = 53F4FE59249FBB1500D80651 /* Camera.swift */; };
		53F4FE5C249FBB7A00D80651 /* DataCamera.swift in Sources */ = {isa = PBXBuildFile; fileRef = 53F4FE5B249FBB7A00D80651 /* DataCamera.swift */; };
		53F4FE5F249FBD8000D80651 /* DetailViewController.swift in Sources */ = {isa = PBXBuildFile; fileRef = 53F4FE5D249FBD8000D80651 /* DetailViewController.swift */; };
		53F4FE60249FBD8000D80651 /* DetailViewController.xib in Resources */ = {isa = PBXBuildFile; fileRef = 53F4FE5E249FBD8000D80651 /* DetailViewController.xib */; };
		53F4FE63249FCA0E00D80651 /* AboutAuthorViewController.swift in Sources */ = {isa = PBXBuildFile; fileRef = 53F4FE61249FCA0E00D80651 /* AboutAuthorViewController.swift */; };
		53F4FE64249FCA0E00D80651 /* AboutAuthorViewController.xib in Resources */ = {isa = PBXBuildFile; fileRef = 53F4FE62249FCA0E00D80651 /* AboutAuthorViewController.xib */; };
/* End PBXBuildFile section */

/* Begin PBXFileReference section */
		53A98076249A2B2E005F9F6C /* CameraSpec.app */ = {isa = PBXFileReference; explicitFileType = wrapper.application; includeInIndex = 0; path = CameraSpec.app; sourceTree = BUILT_PRODUCTS_DIR; };
		53A98079249A2B2E005F9F6C /* AppDelegate.swift */ = {isa = PBXFileReference; lastKnownFileType = sourcecode.swift; path = AppDelegate.swift; sourceTree = "<group>"; };
		53A9807B249A2B2E005F9F6C /* ViewController.swift */ = {isa = PBXFileReference; lastKnownFileType = sourcecode.swift; path = ViewController.swift; sourceTree = "<group>"; };
		53A9807E249A2B2E005F9F6C /* Base */ = {isa = PBXFileReference; lastKnownFileType = file.storyboard; name = Base; path = Base.lproj/Main.storyboard; sourceTree = "<group>"; };
		53A98080249A2B2F005F9F6C /* Assets.xcassets */ = {isa = PBXFileReference; lastKnownFileType = folder.assetcatalog; path = Assets.xcassets; sourceTree = "<group>"; };
		53A98083249A2B2F005F9F6C /* Base */ = {isa = PBXFileReference; lastKnownFileType = file.storyboard; name = Base; path = Base.lproj/LaunchScreen.storyboard; sourceTree = "<group>"; };
		53A98085249A2B2F005F9F6C /* Info.plist */ = {isa = PBXFileReference; lastKnownFileType = text.plist.xml; path = Info.plist; sourceTree = "<group>"; };
		53F4FE55249FB63000D80651 /* CameraTableViewCell.swift */ = {isa = PBXFileReference; lastKnownFileType = sourcecode.swift; path = CameraTableViewCell.swift; sourceTree = "<group>"; };
		53F4FE56249FB63000D80651 /* CameraTableViewCell.xib */ = {isa = PBXFileReference; lastKnownFileType = file.xib; path = CameraTableViewCell.xib; sourceTree = "<group>"; };
		53F4FE59249FBB1500D80651 /* Camera.swift */ = {isa = PBXFileReference; lastKnownFileType = sourcecode.swift; path = Camera.swift; sourceTree = "<group>"; };
		53F4FE5B249FBB7A00D80651 /* DataCamera.swift */ = {isa = PBXFileReference; lastKnownFileType = sourcecode.swift; path = DataCamera.swift; sourceTree = "<group>"; };
		53F4FE5D249FBD8000D80651 /* DetailViewController.swift */ = {isa = PBXFileReference; lastKnownFileType = sourcecode.swift; path = DetailViewController.swift; sourceTree = "<group>"; };
		53F4FE5E249FBD8000D80651 /* DetailViewController.xib */ = {isa = PBXFileReference; lastKnownFileType = file.xib; path = DetailViewController.xib; sourceTree = "<group>"; };
		53F4FE61249FCA0E00D80651 /* AboutAuthorViewController.swift */ = {isa = PBXFileReference; lastKnownFileType = sourcecode.swift; path = AboutAuthorViewController.swift; sourceTree = "<group>"; };
		53F4FE62249FCA0E00D80651 /* AboutAuthorViewController.xib */ = {isa = PBXFileReference; lastKnownFileType = file.xib; path = AboutAuthorViewController.xib; sourceTree = "<group>"; };
/* End PBXFileReference section */

/* Begin PBXFrameworksBuildPhase section */
		53A98073249A2B2E005F9F6C /* Frameworks */ = {
			isa = PBXFrameworksBuildPhase;
			buildActionMask = 2147483647;
			files = (
			);
			runOnlyForDeploymentPostprocessing = 0;
		};
/* End PBXFrameworksBuildPhase section */

/* Begin PBXGroup section */
		53A9806D249A2B2E005F9F6C = {
			isa = PBXGroup;
			children = (
				53A98078249A2B2E005F9F6C /* CameraSpec */,
				53A98077249A2B2E005F9F6C /* Products */,
			);
			sourceTree = "<group>";
		};
		53A98077249A2B2E005F9F6C /* Products */ = {
			isa = PBXGroup;
			children = (
				53A98076249A2B2E005F9F6C /* CameraSpec.app */,
			);
			name = Products;
			sourceTree = "<group>";
		};
		53A98078249A2B2E005F9F6C /* CameraSpec */ = {
			isa = PBXGroup;
			children = (
				53A9808B249A2BE7005F9F6C /* Base */,
				53A9808C249A2BF6005F9F6C /* Model */,
				53A9808D249A2BFC005F9F6C /* View */,
				53A9808E249A2C02005F9F6C /* Controller */,
				53A98080249A2B2F005F9F6C /* Assets.xcassets */,
				53A98085249A2B2F005F9F6C /* Info.plist */,
			);
			path = CameraSpec;
			sourceTree = "<group>";
		};
		53A9808B249A2BE7005F9F6C /* Base */ = {
			isa = PBXGroup;
			children = (
				53A98079249A2B2E005F9F6C /* AppDelegate.swift */,
			);
			path = Base;
			sourceTree = "<group>";
		};
		53A9808C249A2BF6005F9F6C /* Model */ = {
			isa = PBXGroup;
			children = (
				53F4FE59249FBB1500D80651 /* Camera.swift */,
				53F4FE5B249FBB7A00D80651 /* DataCamera.swift */,
			);
			path = Model;
			sourceTree = "<group>";
		};
		53A9808D249A2BFC005F9F6C /* View */ = {
			isa = PBXGroup;
			children = (
				53A9807D249A2B2E005F9F6C /* Main.storyboard */,
				53A98082249A2B2F005F9F6C /* LaunchScreen.storyboard */,
				53F4FE62249FCA0E00D80651 /* AboutAuthorViewController.xib */,
				53F4FE56249FB63000D80651 /* CameraTableViewCell.xib */,
				53F4FE5E249FBD8000D80651 /* DetailViewController.xib */,
			);
			path = View;
			sourceTree = "<group>";
		};
		53A9808E249A2C02005F9F6C /* Controller */ = {
			isa = PBXGroup;
			children = (
				53A9807B249A2B2E005F9F6C /* ViewController.swift */,
				53F4FE61249FCA0E00D80651 /* AboutAuthorViewController.swift */,
				53F4FE5D249FBD8000D80651 /* DetailViewController.swift */,
				53F4FE55249FB63000D80651 /* CameraTableViewCell.swift */,
			);
			path = Controller;
			sourceTree = "<group>";
		};
/* End PBXGroup section */

/* Begin PBXNativeTarget section */
		53A98075249A2B2E005F9F6C /* CameraSpec */ = {
			isa = PBXNativeTarget;
			buildConfigurationList = 53A98088249A2B2F005F9F6C /* Build configuration list for PBXNativeTarget "CameraSpec" */;
			buildPhases = (
				53A98072249A2B2E005F9F6C /* Sources */,
				53A98073249A2B2E005F9F6C /* Frameworks */,
				53A98074249A2B2E005F9F6C /* Resources */,
			);
			buildRules = (
			);
			dependencies = (
			);
			name = CameraSpec;
			productName = CameraSpec;
			productReference = 53A98076249A2B2E005F9F6C /* CameraSpec.app */;
			productType = "com.apple.product-type.application";
		};
/* End PBXNativeTarget section */

/* Begin PBXProject section */
		53A9806E249A2B2E005F9F6C /* Project object */ = {
			isa = PBXProject;
			attributes = {
				LastSwiftUpdateCheck = 1000;
				LastUpgradeCheck = 1000;
				ORGANIZATIONNAME = sanengineer;
				TargetAttributes = {
					53A98075249A2B2E005F9F6C = {
						CreatedOnToolsVersion = 10.0;
					};
				};
			};
			buildConfigurationList = 53A98071249A2B2E005F9F6C /* Build configuration list for PBXProject "CameraSpec" */;
			compatibilityVersion = "Xcode 9.3";
			developmentRegion = en;
			hasScannedForEncodings = 0;
			knownRegions = (
				en,
				Base,
			);
			mainGroup = 53A9806D249A2B2E005F9F6C;
			productRefGroup = 53A98077249A2B2E005F9F6C /* Products */;
			projectDirPath = "";
			projectRoot = "";
			targets = (
				53A98075249A2B2E005F9F6C /* CameraSpec */,
			);
		};
/* End PBXProject section */

/* Begin PBXResourcesBuildPhase section */
		53A98074249A2B2E005F9F6C /* Resources */ = {
			isa = PBXResourcesBuildPhase;
			buildActionMask = 2147483647;
			files = (
				53F4FE58249FB63000D80651 /* CameraTableViewCell.xib in Resources */,
				53A98084249A2B2F005F9F6C /* LaunchScreen.storyboard in Resources */,
				53F4FE60249FBD8000D80651 /* DetailViewController.xib in Resources */,
				53F4FE64249FCA0E00D80651 /* AboutAuthorViewController.xib in Resources */,
				53A98081249A2B2F005F9F6C /* Assets.xcassets in Resources */,
				53A9807F249A2B2E005F9F6C /* Main.storyboard in Resources */,
			);
			runOnlyForDeploymentPostprocessing = 0;
		};
/* End PBXResourcesBuildPhase section */

/* Begin PBXSourcesBuildPhase section */
		53A98072249A2B2E005F9F6C /* Sources */ = {
			isa = PBXSourcesBuildPhase;
			buildActionMask = 2147483647;
			files = (
				53F4FE63249FCA0E00D80651 /* AboutAuthorViewController.swift in Sources */,
				53F4FE5A249FBB1500D80651 /* Camera.swift in Sources */,
				53F4FE5C249FBB7A00D80651 /* DataCamera.swift in Sources */,
				53F4FE57249FB63000D80651 /* CameraTableViewCell.swift in Sources */,
				53F4FE5F249FBD8000D80651 /* DetailViewController.swift in Sources */,
				53A9807C249A2B2E005F9F6C /* ViewController.swift in Sources */,
				53A9807A249A2B2E005F9F6C /* AppDelegate.swift in Sources */,
			);
			runOnlyForDeploymentPostprocessing = 0;
		};
/* End PBXSourcesBuildPhase section */

/* Begin PBXVariantGroup section */
		53A9807D249A2B2E005F9F6C /* Main.storyboard */ = {
			isa = PBXVariantGroup;
			children = (
				53A9807E249A2B2E005F9F6C /* Base */,
			);
			name = Main.storyboard;
			sourceTree = "<group>";
		};
		53A98082249A2B2F005F9F6C /* LaunchScreen.storyboard */ = {
			isa = PBXVariantGroup;
			children = (
				53A98083249A2B2F005F9F6C /* Base */,
			);
			name = LaunchScreen.storyboard;
			sourceTree = "<group>";
		};
/* End PBXVariantGroup section */

/* Begin XCBuildConfiguration section */
		53A98086249A2B2F005F9F6C /* Debug */ = {
			isa = XCBuildConfiguration;
			buildSettings = {
				ALWAYS_SEARCH_USER_PATHS = NO;
				CLANG_ANALYZER_NONNULL = YES;
				CLANG_ANALYZER_NUMBER_OBJECT_CONVERSION = YES_AGGRESSIVE;
				CLANG_CXX_LANGUAGE_STANDARD = "gnu++14";
				CLANG_CXX_LIBRARY = "libc++";
				CLANG_ENABLE_MODULES = YES;
				CLANG_ENABLE_OBJC_ARC = YES;
				CLANG_ENABLE_OBJC_WEAK = YES;
				CLANG_WARN_BLOCK_CAPTURE_AUTORELEASING = YES;
				CLANG_WARN_BOOL_CONVERSION = YES;
				CLANG_WARN_COMMA = YES;
				CLANG_WARN_CONSTANT_CONVERSION = YES;
				CLANG_WARN_DEPRECATED_OBJC_IMPLEMENTATIONS = YES;
				CLANG_WARN_DIRECT_OBJC_ISA_USAGE = YES_ERROR;
				CLANG_WARN_DOCUMENTATION_COMMENTS = YES;
				CLANG_WARN_EMPTY_BODY = YES;
				CLANG_WARN_ENUM_CONVERSION = YES;
				CLANG_WARN_INFINITE_RECURSION = YES;
				CLANG_WARN_INT_CONVERSION = YES;
				CLANG_WARN_NON_LITERAL_NULL_CONVERSION = YES;
				CLANG_WARN_OBJC_IMPLICIT_RETAIN_SELF = YES;
				CLANG_WARN_OBJC_LITERAL_CONVERSION = YES;
				CLANG_WARN_OBJC_ROOT_CLASS = YES_ERROR;
				CLANG_WARN_RANGE_LOOP_ANALYSIS = YES;
				CLANG_WARN_STRICT_PROTOTYPES = YES;
				CLANG_WARN_SUSPICIOUS_MOVE = YES;
				CLANG_WARN_UNGUARDED_AVAILABILITY = YES_AGGRESSIVE;
				CLANG_WARN_UNREACHABLE_CODE = YES;
				CLANG_WARN__DUPLICATE_METHOD_MATCH = YES;
				CODE_SIGN_IDENTITY = "iPhone Developer";
				COPY_PHASE_STRIP = NO;
				DEBUG_INFORMATION_FORMAT = dwarf;
				ENABLE_STRICT_OBJC_MSGSEND = YES;
				ENABLE_TESTABILITY = YES;
				GCC_C_LANGUAGE_STANDARD = gnu11;
				GCC_DYNAMIC_NO_PIC = NO;
				GCC_NO_COMMON_BLOCKS = YES;
				GCC_OPTIMIZATION_LEVEL = 0;
				GCC_PREPROCESSOR_DEFINITIONS = (
					"DEBUG=1",
					"$(inherited)",
				);
				GCC_WARN_64_TO_32_BIT_CONVERSION = YES;
				GCC_WARN_ABOUT_RETURN_TYPE = YES_ERROR;
				GCC_WARN_UNDECLARED_SELECTOR = YES;
				GCC_WARN_UNINITIALIZED_AUTOS = YES_AGGRESSIVE;
				GCC_WARN_UNUSED_FUNCTION = YES;
				GCC_WARN_UNUSED_VARIABLE = YES;
				IPHONEOS_DEPLOYMENT_TARGET = 12.0;
				MTL_ENABLE_DEBUG_INFO = INCLUDE_SOURCE;
				MTL_FAST_MATH = YES;
				ONLY_ACTIVE_ARCH = YES;
				SDKROOT = iphoneos;
				SWIFT_ACTIVE_COMPILATION_CONDITIONS = DEBUG;
				SWIFT_OPTIMIZATION_LEVEL = "-Onone";
			};
			name = Debug;
		};
		53A98087249A2B2F005F9F6C /* Release */ = {
			isa = XCBuildConfiguration;
			buildSettings = {
				ALWAYS_SEARCH_USER_PATHS = NO;
				CLANG_ANALYZER_NONNULL = YES;
				CLANG_ANALYZER_NUMBER_OBJECT_CONVERSION = YES_AGGRESSIVE;
				CLANG_CXX_LANGUAGE_STANDARD = "gnu++14";
				CLANG_CXX_LIBRARY = "libc++";
				CLANG_ENABLE_MODULES = YES;
				CLANG_ENABLE_OBJC_ARC = YES;
				CLANG_ENABLE_OBJC_WEAK = YES;
				CLANG_WARN_BLOCK_CAPTURE_AUTORELEASING = YES;
				CLANG_WARN_BOOL_CONVERSION = YES;
				CLANG_WARN_COMMA = YES;
				CLANG_WARN_CONSTANT_CONVERSION = YES;
				CLANG_WARN_DEPRECATED_OBJC_IMPLEMENTATIONS = YES;
				CLANG_WARN_DIRECT_OBJC_ISA_USAGE = YES_ERROR;
				CLANG_WARN_DOCUMENTATION_COMMENTS = YES;
				CLANG_WARN_EMPTY_BODY = YES;
				CLANG_WARN_ENUM_CONVERSION = YES;
				CLANG_WARN_INFINITE_RECURSION = YES;
				CLANG_WARN_INT_CONVERSION = YES;
				CLANG_WARN_NON_LITERAL_NULL_CONVERSION = YES;
				CLANG_WARN_OBJC_IMPLICIT_RETAIN_SELF = YES;
				CLANG_WARN_OBJC_LITERAL_CONVERSION = YES;
				CLANG_WARN_OBJC_ROOT_CLASS = YES_ERROR;
				CLANG_WARN_RANGE_LOOP_ANALYSIS = YES;
				CLANG_WARN_STRICT_PROTOTYPES = YES;
				CLANG_WARN_SUSPICIOUS_MOVE = YES;
				CLANG_WARN_UNGUARDED_AVAILABILITY = YES_AGGRESSIVE;
				CLANG_WARN_UNREACHABLE_CODE = YES;
				CLANG_WARN__DUPLICATE_METHOD_MATCH = YES;
				CODE_SIGN_IDENTITY = "iPhone Developer";
				COPY_PHASE_STRIP = NO;
				DEBUG_INFORMATION_FORMAT = "dwarf-with-dsym";
				ENABLE_NS_ASSERTIONS = NO;
				ENABLE_STRICT_OBJC_MSGSEND = YES;
				GCC_C_LANGUAGE_STANDARD = gnu11;
				GCC_NO_COMMON_BLOCKS = YES;
				GCC_WARN_64_TO_32_BIT_CONVERSION = YES;
				GCC_WARN_ABOUT_RETURN_TYPE = YES_ERROR;
				GCC_WARN_UNDECLARED_SELECTOR = YES;
				GCC_WARN_UNINITIALIZED_AUTOS = YES_AGGRESSIVE;
				GCC_WARN_UNUSED_FUNCTION = YES;
				GCC_WARN_UNUSED_VARIABLE = YES;
				IPHONEOS_DEPLOYMENT_TARGET = 12.0;
				MTL_ENABLE_DEBUG_INFO = NO;
				MTL_FAST_MATH = YES;
				SDKROOT = iphoneos;
				SWIFT_COMPILATION_MODE = wholemodule;
				SWIFT_OPTIMIZATION_LEVEL = "-O";
				VALIDATE_PRODUCT = YES;
			};
			name = Release;
		};
		53A98089249A2B2F005F9F6C /* Debug */ = {
			isa = XCBuildConfiguration;
			buildSettings = {
				ASSETCATALOG_COMPILER_APPICON_NAME = AppIcon;
				CODE_SIGN_STYLE = Automatic;
				DEVELOPMENT_TEAM = 23U3MJ8VR2;
				INFOPLIST_FILE = CameraSpec/Info.plist;
				LD_RUNPATH_SEARCH_PATHS = (
					"$(inherited)",
					"@executable_path/Frameworks",
				);
				PRODUCT_BUNDLE_IDENTIFIER = com.sanengineer.CameraSpec;
				PRODUCT_NAME = "$(TARGET_NAME)";
				SWIFT_VERSION = 4.2;
				TARGETED_DEVICE_FAMILY = "1,2";
			};
			name = Debug;
		};
		53A9808A249A2B2F005F9F6C /* Release */ = {
			isa = XCBuildConfiguration;
			buildSettings = {
				ASSETCATALOG_COMPILER_APPICON_NAME = AppIcon;
				CODE_SIGN_STYLE = Automatic;
				DEVELOPMENT_TEAM = 23U3MJ8VR2;
				INFOPLIST_FILE = CameraSpec/Info.plist;
				LD_RUNPATH_SEARCH_PATHS = (
					"$(inherited)",
					"@executable_path/Frameworks",
				);
				PRODUCT_BUNDLE_IDENTIFIER = com.sanengineer.CameraSpec;
				PRODUCT_NAME = "$(TARGET_NAME)";
				SWIFT_VERSION = 4.2;
				TARGETED_DEVICE_FAMILY = "1,2";
			};
			name = Release;
		};
/* End XCBuildConfiguration section */

/* Begin XCConfigurationList section */
		53A98071249A2B2E005F9F6C /* Build configuration list for PBXProject "CameraSpec" */ = {
			isa = XCConfigurationList;
			buildConfigurations = (
				53A98086249A2B2F005F9F6C /* Debug */,
				53A98087249A2B2F005F9F6C /* Release */,
			);
			defaultConfigurationIsVisible = 0;
			defaultConfigurationName = Release;
		};
		53A98088249A2B2F005F9F6C /* Build configuration list for PBXNativeTarget "CameraSpec" */ = {
			isa = XCConfigurationList;
			buildConfigurations = (
				53A98089249A2B2F005F9F6C /* Debug */,
				53A9808A249A2B2F005F9F6C /* Release */,
			);
			defaultConfigurationIsVisible = 0;
			defaultConfigurationName = Release;
		};
/* End XCConfigurationList section */
	};
	rootObject = 53A9806E249A2B2E005F9F6C /* Project object */;
}
